PODS:
  - Flutter (1.0.0)
  - ZDCChat (1.3.7.1):
    - ZDCChat/API (= 1.3.7.1)
    - ZDCChat/Localization (= 1.3.7.1)
    - ZDCChat/UI (= 1.3.7.1)
  - ZDCChat/API (1.3.7.1)
  - ZDCChat/Localization (1.3.7.1)
  - ZDCChat/UI (1.3.7.1):
    - ZDCChat/API
  - zendesk (0.0.1):
    - Flutter
    - ZDCChat
    - ZendeskSDK (= 2.3.1)
  - ZendeskSDK (2.3.1):
    - ZendeskSDK/Providers (= 2.3.1)
    - ZendeskSDK/UI (= 2.3.1)
  - ZendeskSDK/Core (2.3.1)
  - ZendeskSDK/Providers (2.3.1):
    - ZendeskSDK/Core
  - ZendeskSDK/UI (2.3.1):
    - ZendeskSDK/Core
    - ZendeskSDK/Providers

DEPENDENCIES:
  - Flutter (from `.symlinks/flutter/ios`)
  - zendesk (from `.symlinks/plugins/zendesk/ios`)

SPEC REPOS:
  https://github.com/cocoapods/specs.git:
    - ZDCChat
    - ZendeskSDK

EXTERNAL SOURCES:
  Flutter:
    :path: ".symlinks/flutter/ios"
  zendesk:
    :path: ".symlinks/plugins/zendesk/ios"

SPEC CHECKSUMS:
  Flutter: 58dd7d1b27887414a370fcccb9e645c08ffd7a6a
  ZDCChat: 022351259c723b713bc701f71a244e4416a92257
  zendesk: 498cc5a9c1429081e00343ec1c850f75d6504450
  ZendeskSDK: cbd49d65efb2f2cdbdcaac84e618896ae87b861e

PODFILE CHECKSUM: 1e5af4103afd21ca5ead147d7b81d06f494f51a2

COCOAPODS: 1.6.0
